{
  "name": "bucketing",
  "version": "1.0.0",
  "lockfileVersion": 3,
  "requires": true,
  "packages": {
    "": {
      "name": "bucketing",
      "version": "1.0.0",
      "license": "ISC",
      "devDependencies": {
        "commander": "^13.1.0",
        "csv-parser": "^3.2.0",
        "csv-writer": "^1.6.0",
        "murmurhash": "^2.0.1",
        "murmurhash3js": "^3.0.1"
      }
    },
    "node_modules/commander": {
      "version": "13.1.0",
      "resolved": "https://registry.npmjs.org/commander/-/commander-13.1.0.tgz",
      "integrity": "sha512-/rFeCpNJQbhSZjGVwO9RFV3xPqbnERS8MmIQzCtD/zl6gpJuV/bMLuN92oG3F7d8oDEHHRrujSXNUr8fpjntKw==",
      "dev": true,
      "license": "MIT",
      "engines": {
        "node": ">=18"
      }
    },
    "node_modules/csv-parser": {
      "version": "3.2.0",
      "resolved": "https://registry.npmjs.org/csv-parser/-/csv-parser-3.2.0.tgz",
      "integrity": "sha512-fgKbp+AJbn1h2dcAHKIdKNSSjfp43BZZykXsCjzALjKy80VXQNHPFJ6T9Afwdzoj24aMkq8GwDS7KGcDPpejrA==",
      "dev": true,
      "license": "MIT",
      "bin": {
        "csv-parser": "bin/csv-parser"
      },
      "engines": {
        "node": ">= 10"
      }
    },
    "node_modules/csv-writer": {
      "version": "1.6.0",
      "resolved": "https://registry.npmjs.org/csv-writer/-/csv-writer-1.6.0.tgz",
      "integrity": "sha512-NOx7YDFWEsM/fTRAJjRpPp8t+MKRVvniAg9wQlUKx20MFrPs73WLJhFf5iteqrxNYnsy924K3Iroh3yNHeYd2g==",
      "dev": true,
      "license": "MIT"
    },
    "node_modules/murmurhash": {
      "version": "2.0.1",
      "resolved": "https://registry.npmjs.org/murmurhash/-/murmurhash-2.0.1.tgz",
      "integrity": "sha512-5vQEh3y+DG/lMPM0mCGPDnyV8chYg/g7rl6v3Gd8WMF9S429ox3Xk8qrk174kWhG767KQMqqxLD1WnGd77hiew==",
      "dev": true,
      "license": "MIT"
    },
    "node_modules/murmurhash3js": {
      "version": "3.0.1",
      "resolved": "https://registry.npmjs.org/murmurhash3js/-/murmurhash3js-3.0.1.tgz",
      "integrity": "sha512-KL8QYUaxq7kUbcl0Yto51rMcYt7E/4N4BG3/c96Iqw1PQrTRspu8Cpx4TZ4Nunib1d4bEkIH3gjCYlP2RLBdow==",
      "dev": true,
      "license": "MIT",
      "engines": {
        "node": ">=0.10.0"
      }
    }
  }
}
